
Microsoft Visual Studio Solution File, Format Version 12.00
# Visual Studio 2013
VisualStudioVersion = 12.0.40629.0
MinimumVisualStudioVersion = 10.0.40219.1
Project("{FAE04EC0-301F-11D3-BF4B-00C04F79EFBC}") = "ZLogoEngine", "ZLogoEngine\ZLogoEngine.csproj", "{E0461CA9-202A-4C24-9B93-25A466C768A0}"
EndProject
Project("{FAE04EC0-301F-11D3-BF4B-00C04F79EFBC}") = "ZLogoIDE", "ZLogoIDE\ZLogoIDE.csproj", "{E542157F-BBC6-4CEE-AF8D-0AD9F2F58515}"
EndProject
Project("{FAE04EC0-301F-11D3-BF4B-00C04F79EFBC}") = "ZLangRT", "..\ZCompileCore 0.3\ZLangRT\ZLangRT.csproj", "{C7D13A96-EF60-4325-93B3-42E27575D53B}"
EndProject
Project("{FAE04EC0-301F-11D3-BF4B-00C04F79EFBC}") = "Z语言系统", "..\ZCompileCore 0.3\Z语言系统\Z语言系统.csproj", "{8E893D3F-CF9C-4B45-B28C-06CA6E0436BE}"
EndProject
Project("{FAE04EC0-301F-11D3-BF4B-00C04F79EFBC}") = "ZCompileCore", "..\ZCompileCore 0.3\ZCompileCore\ZCompileCore.csproj", "{4C7E5206-D464-4415-B599-5CCB4BDC2041}"
EndProject
Global
	GlobalSection(SolutionConfigurationPlatforms) = preSolution
		Debug|Any CPU = Debug|Any CPU
		Release|Any CPU = Release|Any CPU
	EndGlobalSection
	GlobalSection(ProjectConfigurationPlatforms) = postSolution
		{E0461CA9-202A-4C24-9B93-25A466C768A0}.Debug|Any CPU.ActiveCfg = Debug|Any CPU
		{E0461CA9-202A-4C24-9B93-25A466C768A0}.Debug|Any CPU.Build.0 = Debug|Any CPU
		{E0461CA9-202A-4C24-9B93-25A466C768A0}.Release|Any CPU.ActiveCfg = Release|Any CPU
		{E0461CA9-202A-4C24-9B93-25A466C768A0}.Release|Any CPU.Build.0 = Release|Any CPU
		{E542157F-BBC6-4CEE-AF8D-0AD9F2F58515}.Debug|Any CPU.ActiveCfg = Debug|Any CPU
		{E542157F-BBC6-4CEE-AF8D-0AD9F2F58515}.Debug|Any CPU.Build.0 = Debug|Any CPU
		{E542157F-BBC6-4CEE-AF8D-0AD9F2F58515}.Release|Any CPU.ActiveCfg = Release|Any CPU
		{E542157F-BBC6-4CEE-AF8D-0AD9F2F58515}.Release|Any CPU.Build.0 = Release|Any CPU
		{C7D13A96-EF60-4325-93B3-42E27575D53B}.Debug|Any CPU.ActiveCfg = Debug|Any CPU
		{C7D13A96-EF60-4325-93B3-42E27575D53B}.Debug|Any CPU.Build.0 = Debug|Any CPU
		{C7D13A96-EF60-4325-93B3-42E27575D53B}.Release|Any CPU.ActiveCfg = Release|Any CPU
		{C7D13A96-EF60-4325-93B3-42E27575D53B}.Release|Any CPU.Build.0 = Release|Any CPU
		{8E893D3F-CF9C-4B45-B28C-06CA6E0436BE}.Debug|Any CPU.ActiveCfg = Debug|Any CPU
		{8E893D3F-CF9C-4B45-B28C-06CA6E0436BE}.Debug|Any CPU.Build.0 = Debug|Any CPU
		{8E893D3F-CF9C-4B45-B28C-06CA6E0436BE}.Release|Any CPU.ActiveCfg = Release|Any CPU
		{8E893D3F-CF9C-4B45-B28C-06CA6E0436BE}.Release|Any CPU.Build.0 = Release|Any CPU
		{4C7E5206-D464-4415-B599-5CCB4BDC2041}.Debug|Any CPU.ActiveCfg = Debug|Any CPU
		{4C7E5206-D464-4415-B599-5CCB4BDC2041}.Debug|Any CPU.Build.0 = Debug|Any CPU
		{4C7E5206-D464-4415-B599-5CCB4BDC2041}.Release|Any CPU.ActiveCfg = Release|Any CPU
		{4C7E5206-D464-4415-B599-5CCB4BDC2041}.Release|Any CPU.Build.0 = Release|Any CPU
	EndGlobalSection
	GlobalSection(SolutionProperties) = preSolution
		HideSolutionNode = FALSE
	EndGlobalSection
EndGlobal
